
Microsoft Visual Studio Solution File, Format Version 12.00
# Visual Studio Version 17
VisualStudioVersion = 17.4.33122.133
MinimumVisualStudioVersion = 10.0.40219.1
Project("{8BC9CEB8-8B4A-11D0-8D11-00A0C91BC942}") = "Sandbox", "Sandbox\Sandbox.vcxproj", "{AB10E0FC-0A2D-44D7-A672-B214D743E063}"
EndProject
Project("{8BC9CEB8-8B4A-11D0-8D11-00A0C91BC942}") = "Hazel", "Hazel\Hazel.vcxproj", "{B0E3EDD7-7626-40B0-A565-518470941C35}"
EndProject

Global
	GlobalSection(SolutionConfigurationPlatforms) = preSolution
		Debug|x64 = Debug|x64
		Release|x64 = Release|x64
	EndGlobalSection
	GlobalSection(ProjectConfigurationPlatforms) = postSolution
		{B0E3EDD7-7626-40B0-A565-518470941C35}.Debug|x64.ActiveCfg = Debug|x64
		{B0E3EDD7-7626-40B0-A565-518470941C35}.Debug|x64.Build.0 = Debug|x64
		{B0E3EDD7-7626-40B0-A565-518470941C35}.Release|x64.ActiveCfg = Release|x64
		{B0E3EDD7-7626-40B0-A565-518470941C35}.Release|x64.Build.0 = Release|x64
		{AB10E0FC-0A2D-44D7-A672-B214D743E063}.Debug|x64.ActiveCfg = Debug|x64
		{AB10E0FC-0A2D-44D7-A672-B214D743E063}.Debug|x64.Build.0 = Debug|x64
		{AB10E0FC-0A2D-44D7-A672-B214D743E063}.Release|x64.ActiveCfg = Release|x64
		{AB10E0FC-0A2D-44D7-A672-B214D743E063}.Release|x64.Build.0 = Release|x64
	EndGlobalSection
	GlobalSection(SolutionProperties) = preSolution
		HideSolutionNode = FALSE
	EndGlobalSection
	GlobalSection(ExtensibilityGlobals) = postSolution
		SolutionGuid = {FA612A8A-2430-4C15-820B-967C29A144B8}
	EndGlobalSection
EndGlobal
